<Solution>
  <Folder Name="/Solution Items/">
    <File Path=".editorconfig" />
  </Folder>
  <Project Path="Abstractions/Abstractions.csproj" Id="ab42d898-3921-4574-9ded-3975759b5770" />
  <Project Path="Cryptography.Tests/Cryptography.Tests.csproj" Id="a6f457f1-57c4-4266-87d2-4e85c4c7c346" />
  <Project Path="Cryptography/Cryptography.csproj" Id="e276c28f-3cd4-4f8f-8a1f-e4e870f4dcb1" />
  <Project Path="Logic.Tests/Logic.Tests.csproj" Id="3c7914b8-9c99-47d5-84b6-76d77ee4f337" />
  <Project Path="Logic/Logic.csproj" Id="1e31f23a-1f42-4bf7-812e-5af26f6d3ae6" />
  <Project Path="Models.Tests/Models.Tests.csproj" Id="b5427920-1000-4e25-a680-628eb54ff5cf" />
  <Project Path="Models/Models.csproj" Id="ba8e370b-319d-476c-9d47-b7089afc2fe5" />
  <Project Path="SecretSeal.Tests/SecretSeal.Tests.csproj" Id="da704487-1cf4-437f-9d22-47e869751c7e" />
  <Project Path="SecretSeal/SecretSeal.csproj" />
  <Project Path="Storage.Tests/Storage.Tests.csproj" Id="b3d1a1fb-d2a0-43b5-8fc6-12ef5d091f96" />
  <Project Path="Storage/Storage.csproj" Id="1bbe2423-887a-49d8-be3d-2e02ca8c9df1" />
  <Project Path="Transport.Tests/Transport.Tests.csproj" Id="a28b85bb-3d3a-4049-9374-f2da2d117a57" />
  <Project Path="Transport/Transport.csproj" Id="5424909b-8f97-47b5-9965-f4990bd7a424" />
</Solution>
